// !$*UTF8*$!
{
	archiveVersion = 1;
	classes = {
	};
	objectVersion = 52;
	objects = {

/* Begin PBXBuildFile section */
		7822CFF1265602FE00A7A47F /* ImageURLView.swift in Sources */ = {isa = PBXBuildFile; fileRef = 7822CFF0265602FE00A7A47F /* ImageURLView.swift */; };
		7822CFF626575D6700A7A47F /* ExerciseListFilteredView.swift in Sources */ = {isa = PBXBuildFile; fileRef = 7822CFF526575D6700A7A47F /* ExerciseListFilteredView.swift */; };
		7822CFF926581F8100A7A47F /* NutritionPlansListView.swift in Sources */ = {isa = PBXBuildFile; fileRef = 7822CFF826581F8100A7A47F /* NutritionPlansListView.swift */; };
		7822CFFB26581F9700A7A47F /* NutrionPlansViewModel.swift in Sources */ = {isa = PBXBuildFile; fileRef = 7822CFFA26581F9700A7A47F /* NutrionPlansViewModel.swift */; };
		7822CFFD265821EC00A7A47F /* NutritionPlanNet.swift in Sources */ = {isa = PBXBuildFile; fileRef = 7822CFFC265821EC00A7A47F /* NutritionPlanNet.swift */; };
		7822D0002658AF8B00A7A47F /* BasalMetabolicRate.swift in Sources */ = {isa = PBXBuildFile; fileRef = 7822CFFF2658AF8B00A7A47F /* BasalMetabolicRate.swift */; };
		7822D002265967E000A7A47F /* HeightView.swift in Sources */ = {isa = PBXBuildFile; fileRef = 7822D001265967E000A7A47F /* HeightView.swift */; };
		7822D00426597F9000A7A47F /* WeightView.swift in Sources */ = {isa = PBXBuildFile; fileRef = 7822D00326597F9000A7A47F /* WeightView.swift */; };
		7822D0062659838700A7A47F /* AgeView.swift in Sources */ = {isa = PBXBuildFile; fileRef = 7822D0052659838700A7A47F /* AgeView.swift */; };
		7822D00A2659FE3200A7A47F /* PrimaryButtonStyle.swift in Sources */ = {isa = PBXBuildFile; fileRef = 7822D0092659FE3200A7A47F /* PrimaryButtonStyle.swift */; };
		7822D00C265B4D2000A7A47F /* ActivityFactorView.swift in Sources */ = {isa = PBXBuildFile; fileRef = 7822D00B265B4D2000A7A47F /* ActivityFactorView.swift */; };
		7822D00E265B4F9D00A7A47F /* ActivityFactorItemView.swift in Sources */ = {isa = PBXBuildFile; fileRef = 7822D00D265B4F9D00A7A47F /* ActivityFactorItemView.swift */; };
		7822D012265D77C800A7A47F /* DailyCaloricIntakeView.swift in Sources */ = {isa = PBXBuildFile; fileRef = 7822D011265D77C800A7A47F /* DailyCaloricIntakeView.swift */; };
		7822D014265DF03100A7A47F /* DailyCaloricIntakeLabelView.swift in Sources */ = {isa = PBXBuildFile; fileRef = 7822D013265DF03100A7A47F /* DailyCaloricIntakeLabelView.swift */; };
		7822D017265DF35200A7A47F /* LoginView.swift in Sources */ = {isa = PBXBuildFile; fileRef = 7822D016265DF35200A7A47F /* LoginView.swift */; };
		7822D019265DF3EA00A7A47F /* SecondaryButtonStyle.swift in Sources */ = {isa = PBXBuildFile; fileRef = 7822D018265DF3EA00A7A47F /* SecondaryButtonStyle.swift */; };
		7822D01D265DFDEB00A7A47F /* LoginViewModel.swift in Sources */ = {isa = PBXBuildFile; fileRef = 7822D01C265DFDEB00A7A47F /* LoginViewModel.swift */; };
		7822D01F265E9D5D00A7A47F /* NetLogin.swift in Sources */ = {isa = PBXBuildFile; fileRef = 7822D01E265E9D5D00A7A47F /* NetLogin.swift */; };
		7822D021265E9EF600A7A47F /* BasicAuthenticationCredential.swift in Sources */ = {isa = PBXBuildFile; fileRef = 7822D020265E9EF600A7A47F /* BasicAuthenticationCredential.swift */; };
		783522CE264AF4C8000D79AF /* Ingredient.swift in Sources */ = {isa = PBXBuildFile; fileRef = 783522CD264AF4C8000D79AF /* Ingredient.swift */; };
		783522D0264AF779000D79AF /* IngredientInfo.swift in Sources */ = {isa = PBXBuildFile; fileRef = 783522CF264AF779000D79AF /* IngredientInfo.swift */; };
		783522D2264AF8C3000D79AF /* WeightUnit.swift in Sources */ = {isa = PBXBuildFile; fileRef = 783522D1264AF8C3000D79AF /* WeightUnit.swift */; };
		783522D4264AF9A0000D79AF /* IngredientWeightUnit.swift in Sources */ = {isa = PBXBuildFile; fileRef = 783522D3264AF9A0000D79AF /* IngredientWeightUnit.swift */; };
		783522D6264AFA67000D79AF /* NutritionPlan.swift in Sources */ = {isa = PBXBuildFile; fileRef = 783522D5264AFA67000D79AF /* NutritionPlan.swift */; };
		783522D8264B08BE000D79AF /* NutritionPlanInfo.swift in Sources */ = {isa = PBXBuildFile; fileRef = 783522D7264B08BE000D79AF /* NutritionPlanInfo.swift */; };
		783522DA264B0AAE000D79AF /* NutritionDiary.swift in Sources */ = {isa = PBXBuildFile; fileRef = 783522D9264B0AAE000D79AF /* NutritionDiary.swift */; };
		783522DC264B0BC3000D79AF /* Meal.swift in Sources */ = {isa = PBXBuildFile; fileRef = 783522DB264B0BC3000D79AF /* Meal.swift */; };
		783522DE264B0D35000D79AF /* MealItem.swift in Sources */ = {isa = PBXBuildFile; fileRef = 783522DD264B0D35000D79AF /* MealItem.swift */; };
		783522E0264B0E56000D79AF /* WeightEntry.swift in Sources */ = {isa = PBXBuildFile; fileRef = 783522DF264B0E56000D79AF /* WeightEntry.swift */; };
		783522E2264B1ACB000D79AF /* Day.swift in Sources */ = {isa = PBXBuildFile; fileRef = 783522E1264B1ACB000D79AF /* Day.swift */; };
		783522E4264C2431000D79AF /* Router.swift in Sources */ = {isa = PBXBuildFile; fileRef = 783522E3264C2431000D79AF /* Router.swift */; };
		783522E6264CCE2C000D79AF /* ExcerciseSet.swift in Sources */ = {isa = PBXBuildFile; fileRef = 783522E5264CCE2C000D79AF /* ExcerciseSet.swift */; };
		783522E8264CD0F5000D79AF /* Setting.swift in Sources */ = {isa = PBXBuildFile; fileRef = 783522E7264CD0F5000D79AF /* Setting.swift */; };
		783522EA264CD30E000D79AF /* Workout.swift in Sources */ = {isa = PBXBuildFile; fileRef = 783522E9264CD30E000D79AF /* Workout.swift */; };
		783672202647A4300067B917 /* LanguageViewModel.swift in Sources */ = {isa = PBXBuildFile; fileRef = 7836721F2647A4300067B917 /* LanguageViewModel.swift */; };
		783672222647A57E0067B917 /* DaysOfTheWeekViewModel.swift in Sources */ = {isa = PBXBuildFile; fileRef = 783672212647A57E0067B917 /* DaysOfTheWeekViewModel.swift */; };
		783672242648CFBA0067B917 /* SettingsRepetitionUnit.swift in Sources */ = {isa = PBXBuildFile; fileRef = 783672232648CFBA0067B917 /* SettingsRepetitionUnit.swift */; };
		783672262648D0D70067B917 /* SettingsWeightUnit.swift in Sources */ = {isa = PBXBuildFile; fileRef = 783672252648D0D70067B917 /* SettingsWeightUnit.swift */; };
		783672282648D2210067B917 /* ExerciseInfo.swift in Sources */ = {isa = PBXBuildFile; fileRef = 783672272648D2210067B917 /* ExerciseInfo.swift */; };
		7836722A2648D75F0067B917 /* Exercise.swift in Sources */ = {isa = PBXBuildFile; fileRef = 783672292648D75F0067B917 /* Exercise.swift */; };
		7836722C2648D8270067B917 /* Equipment.swift in Sources */ = {isa = PBXBuildFile; fileRef = 7836722B2648D8270067B917 /* Equipment.swift */; };
		7836722E2648D9210067B917 /* ExerciseCategory.swift in Sources */ = {isa = PBXBuildFile; fileRef = 7836722D2648D9210067B917 /* ExerciseCategory.swift */; };
		783672302648DA1F0067B917 /* ExerciseComment.swift in Sources */ = {isa = PBXBuildFile; fileRef = 7836722F2648DA1F0067B917 /* ExerciseComment.swift */; };
		783672322648DAED0067B917 /* Muscle.swift in Sources */ = {isa = PBXBuildFile; fileRef = 783672312648DAED0067B917 /* Muscle.swift */; };
		783B19C3265035F4008C1B45 /* App.swift in Sources */ = {isa = PBXBuildFile; fileRef = 783B19C2265035F4008C1B45 /* App.swift */; };
		783B19C526503900008C1B45 /* ExerciseListView.swift in Sources */ = {isa = PBXBuildFile; fileRef = 783B19C426503900008C1B45 /* ExerciseListView.swift */; };
		783B19C826503BCA008C1B45 /* ExerciseCategoriesViewModel.swift in Sources */ = {isa = PBXBuildFile; fileRef = 783B19C726503BCA008C1B45 /* ExerciseCategoriesViewModel.swift */; };
		783B19CB26504D40008C1B45 /* ExerciseCategoryDetailView.swift in Sources */ = {isa = PBXBuildFile; fileRef = 783B19CA26504D40008C1B45 /* ExerciseCategoryDetailView.swift */; };
		783B19CD26504DD3008C1B45 /* ExerciseCategoryDetailViewModel.swift in Sources */ = {isa = PBXBuildFile; fileRef = 783B19CC26504DD3008C1B45 /* ExerciseCategoryDetailViewModel.swift */; };
		783B19D22652047C008C1B45 /* ExerciseDetailView.swift in Sources */ = {isa = PBXBuildFile; fileRef = 783B19D12652047C008C1B45 /* ExerciseDetailView.swift */; };
		783B19D626520580008C1B45 /* ExerciseDetailViewModel.swift in Sources */ = {isa = PBXBuildFile; fileRef = 783B19D526520580008C1B45 /* ExerciseDetailViewModel.swift */; };
		783B19D826520A37008C1B45 /* DetailRowView.swift in Sources */ = {isa = PBXBuildFile; fileRef = 783B19D726520A37008C1B45 /* DetailRowView.swift */; };
		783B19DA2652C844008C1B45 /* WorkoutsView.swift in Sources */ = {isa = PBXBuildFile; fileRef = 783B19D92652C844008C1B45 /* WorkoutsView.swift */; };
		783B19DD2652CCB8008C1B45 /* WorkoutsViewModel.swift in Sources */ = {isa = PBXBuildFile; fileRef = 783B19DC2652CCB8008C1B45 /* WorkoutsViewModel.swift */; };
		783B19E02652CF43008C1B45 /* RowView.swift in Sources */ = {isa = PBXBuildFile; fileRef = 783B19DF2652CF43008C1B45 /* RowView.swift */; };
		783B19E226533005008C1B45 /* OAuthCredential.swift in Sources */ = {isa = PBXBuildFile; fileRef = 783B19E126533005008C1B45 /* OAuthCredential.swift */; };
		783B19E42653303B008C1B45 /* OAuthAuthenticator.swift in Sources */ = {isa = PBXBuildFile; fileRef = 783B19E32653303B008C1B45 /* OAuthAuthenticator.swift */; };
		783B19E82653800D008C1B45 /* NetWorkout.swift in Sources */ = {isa = PBXBuildFile; fileRef = 783B19E72653800D008C1B45 /* NetWorkout.swift */; };
		783B19EA26540D86008C1B45 /* NetWorkoutInfo.swift in Sources */ = {isa = PBXBuildFile; fileRef = 783B19E926540D86008C1B45 /* NetWorkoutInfo.swift */; };
		783B19EC26540DE6008C1B45 /* WorkoutInfo.swift in Sources */ = {isa = PBXBuildFile; fileRef = 783B19EB26540DE6008C1B45 /* WorkoutInfo.swift */; };
		783B19EF26541F0D008C1B45 /* WorkoutDetailView.swift in Sources */ = {isa = PBXBuildFile; fileRef = 783B19EE26541F0D008C1B45 /* WorkoutDetailView.swift */; };
		783B19F126541F24008C1B45 /* WorkoutDetailViewModel.swift in Sources */ = {isa = PBXBuildFile; fileRef = 783B19F026541F24008C1B45 /* WorkoutDetailViewModel.swift */; };
		783B19F32654B488008C1B45 /* CardView.swift in Sources */ = {isa = PBXBuildFile; fileRef = 783B19F22654B488008C1B45 /* CardView.swift */; };
		783B19F62654C0BB008C1B45 /* AlamofireImage in Frameworks */ = {isa = PBXBuildFile; productRef = 783B19F52654C0BB008C1B45 /* AlamofireImage */; };
		783B19F82654C0F2008C1B45 /* NetImage.swift in Sources */ = {isa = PBXBuildFile; fileRef = 783B19F72654C0F2008C1B45 /* NetImage.swift */; };
		783B19FA2654D271008C1B45 /* ImageViewModel.swift in Sources */ = {isa = PBXBuildFile; fileRef = 783B19F92654D271008C1B45 /* ImageViewModel.swift */; };
		783E6F64265ED483009FE21A /* KeychainService.swift in Sources */ = {isa = PBXBuildFile; fileRef = 783E6F63265ED483009FE21A /* KeychainService.swift */; };
		783E6F67265F46E4009FE21A /* AppDeps.swift in Sources */ = {isa = PBXBuildFile; fileRef = 783E6F66265F46E4009FE21A /* AppDeps.swift */; };
		783E6F6A265FF565009FE21A /* ProfileView.swift in Sources */ = {isa = PBXBuildFile; fileRef = 783E6F69265FF565009FE21A /* ProfileView.swift */; };
		783E6F6C26600DC9009FE21A /* ProfileViewModel.swift in Sources */ = {isa = PBXBuildFile; fileRef = 783E6F6B26600DC9009FE21A /* ProfileViewModel.swift */; };
		783E6F6E26601EBF009FE21A /* NetProfile.swift in Sources */ = {isa = PBXBuildFile; fileRef = 783E6F6D26601EBF009FE21A /* NetProfile.swift */; };
		787012F12640EC65007D5694 /* Net.swift in Sources */ = {isa = PBXBuildFile; fileRef = 787012F02640EC65007D5694 /* Net.swift */; };
		787012F42640EDA6007D5694 /* UserProfile.swift in Sources */ = {isa = PBXBuildFile; fileRef = 787012F32640EDA6007D5694 /* UserProfile.swift */; };
		787012F62644EEB5007D5694 /* Page.swift in Sources */ = {isa = PBXBuildFile; fileRef = 787012F52644EEB5007D5694 /* Page.swift */; };
		787012F82644EF84007D5694 /* DayOfTheWeek.swift in Sources */ = {isa = PBXBuildFile; fileRef = 787012F72644EF84007D5694 /* DayOfTheWeek.swift */; };
		787012FA2644F365007D5694 /* Language.swift in Sources */ = {isa = PBXBuildFile; fileRef = 787012F92644F365007D5694 /* Language.swift */; };
		787012FC26458A5A007D5694 /* License.swift in Sources */ = {isa = PBXBuildFile; fileRef = 787012FB26458A59007D5694 /* License.swift */; };
		78701306264791CF007D5694 /* LicenseViewModel.swift in Sources */ = {isa = PBXBuildFile; fileRef = 78701305264791CF007D5694 /* LicenseViewModel.swift */; };
		B45F4AA2263F5FF30095AE10 /* AppDelegate.swift in Sources */ = {isa = PBXBuildFile; fileRef = B45F4AA1263F5FF30095AE10 /* AppDelegate.swift */; };
		B45F4AA4263F5FF30095AE10 /* SceneDelegate.swift in Sources */ = {isa = PBXBuildFile; fileRef = B45F4AA3263F5FF30095AE10 /* SceneDelegate.swift */; };
		B45F4AA8263F5FF80095AE10 /* Assets.xcassets in Resources */ = {isa = PBXBuildFile; fileRef = B45F4AA7263F5FF80095AE10 /* Assets.xcassets */; };
		B45F4AAB263F5FF80095AE10 /* Preview Assets.xcassets in Resources */ = {isa = PBXBuildFile; fileRef = B45F4AAA263F5FF80095AE10 /* Preview Assets.xcassets */; };
		B45F4AAE263F5FF80095AE10 /* LaunchScreen.storyboard in Resources */ = {isa = PBXBuildFile; fileRef = B45F4AAC263F5FF80095AE10 /* LaunchScreen.storyboard */; };
		B45F4AB7263F72D70095AE10 /* Alamofire in Frameworks */ = {isa = PBXBuildFile; productRef = B45F4AB6263F72D70095AE10 /* Alamofire */; };
/* End PBXBuildFile section */

/* Begin PBXFileReference section */
		7822CFF0265602FE00A7A47F /* ImageURLView.swift */ = {isa = PBXFileReference; lastKnownFileType = sourcecode.swift; path = ImageURLView.swift; sourceTree = "<group>"; };
		7822CFF526575D6700A7A47F /* ExerciseListFilteredView.swift */ = {isa = PBXFileReference; lastKnownFileType = sourcecode.swift; path = ExerciseListFilteredView.swift; sourceTree = "<group>"; };
		7822CFF826581F8100A7A47F /* NutritionPlansListView.swift */ = {isa = PBXFileReference; lastKnownFileType = sourcecode.swift; path = NutritionPlansListView.swift; sourceTree = "<group>"; };
		7822CFFA26581F9700A7A47F /* NutrionPlansViewModel.swift */ = {isa = PBXFileReference; lastKnownFileType = sourcecode.swift; path = NutrionPlansViewModel.swift; sourceTree = "<group>"; };
		7822CFFC265821EC00A7A47F /* NutritionPlanNet.swift */ = {isa = PBXFileReference; lastKnownFileType = sourcecode.swift; path = NutritionPlanNet.swift; sourceTree = "<group>"; };
		7822CFFF2658AF8B00A7A47F /* BasalMetabolicRate.swift */ = {isa = PBXFileReference; lastKnownFileType = sourcecode.swift; path = BasalMetabolicRate.swift; sourceTree = "<group>"; };
		7822D001265967E000A7A47F /* HeightView.swift */ = {isa = PBXFileReference; lastKnownFileType = sourcecode.swift; path = HeightView.swift; sourceTree = "<group>"; };
		7822D00326597F9000A7A47F /* WeightView.swift */ = {isa = PBXFileReference; lastKnownFileType = sourcecode.swift; path = WeightView.swift; sourceTree = "<group>"; };
		7822D0052659838700A7A47F /* AgeView.swift */ = {isa = PBXFileReference; lastKnownFileType = sourcecode.swift; path = AgeView.swift; sourceTree = "<group>"; };
		7822D0092659FE3200A7A47F /* PrimaryButtonStyle.swift */ = {isa = PBXFileReference; lastKnownFileType = sourcecode.swift; path = PrimaryButtonStyle.swift; sourceTree = "<group>"; };
		7822D00B265B4D2000A7A47F /* ActivityFactorView.swift */ = {isa = PBXFileReference; lastKnownFileType = sourcecode.swift; path = ActivityFactorView.swift; sourceTree = "<group>"; };
		7822D00D265B4F9D00A7A47F /* ActivityFactorItemView.swift */ = {isa = PBXFileReference; lastKnownFileType = sourcecode.swift; path = ActivityFactorItemView.swift; sourceTree = "<group>"; };
		7822D011265D77C800A7A47F /* DailyCaloricIntakeView.swift */ = {isa = PBXFileReference; lastKnownFileType = sourcecode.swift; path = DailyCaloricIntakeView.swift; sourceTree = "<group>"; };
		7822D013265DF03100A7A47F /* DailyCaloricIntakeLabelView.swift */ = {isa = PBXFileReference; lastKnownFileType = sourcecode.swift; path = DailyCaloricIntakeLabelView.swift; sourceTree = "<group>"; };
		7822D016265DF35200A7A47F /* LoginView.swift */ = {isa = PBXFileReference; lastKnownFileType = sourcecode.swift; path = LoginView.swift; sourceTree = "<group>"; };
		7822D018265DF3EA00A7A47F /* SecondaryButtonStyle.swift */ = {isa = PBXFileReference; lastKnownFileType = sourcecode.swift; path = SecondaryButtonStyle.swift; sourceTree = "<group>"; };
		7822D01C265DFDEB00A7A47F /* LoginViewModel.swift */ = {isa = PBXFileReference; lastKnownFileType = sourcecode.swift; path = LoginViewModel.swift; sourceTree = "<group>"; };
		7822D01E265E9D5D00A7A47F /* NetLogin.swift */ = {isa = PBXFileReference; lastKnownFileType = sourcecode.swift; path = NetLogin.swift; sourceTree = "<group>"; };
		7822D020265E9EF600A7A47F /* BasicAuthenticationCredential.swift */ = {isa = PBXFileReference; lastKnownFileType = sourcecode.swift; path = BasicAuthenticationCredential.swift; sourceTree = "<group>"; };
		783522CD264AF4C8000D79AF /* Ingredient.swift */ = {isa = PBXFileReference; lastKnownFileType = sourcecode.swift; path = Ingredient.swift; sourceTree = "<group>"; };
		783522CF264AF779000D79AF /* IngredientInfo.swift */ = {isa = PBXFileReference; lastKnownFileType = sourcecode.swift; path = IngredientInfo.swift; sourceTree = "<group>"; };
		783522D1264AF8C3000D79AF /* WeightUnit.swift */ = {isa = PBXFileReference; lastKnownFileType = sourcecode.swift; path = WeightUnit.swift; sourceTree = "<group>"; };
		783522D3264AF9A0000D79AF /* IngredientWeightUnit.swift */ = {isa = PBXFileReference; lastKnownFileType = sourcecode.swift; path = IngredientWeightUnit.swift; sourceTree = "<group>"; };
		783522D5264AFA67000D79AF /* NutritionPlan.swift */ = {isa = PBXFileReference; lastKnownFileType = sourcecode.swift; path = NutritionPlan.swift; sourceTree = "<group>"; };
		783522D7264B08BE000D79AF /* NutritionPlanInfo.swift */ = {isa = PBXFileReference; lastKnownFileType = sourcecode.swift; path = NutritionPlanInfo.swift; sourceTree = "<group>"; };
		783522D9264B0AAE000D79AF /* NutritionDiary.swift */ = {isa = PBXFileReference; lastKnownFileType = sourcecode.swift; path = NutritionDiary.swift; sourceTree = "<group>"; };
		783522DB264B0BC3000D79AF /* Meal.swift */ = {isa = PBXFileReference; lastKnownFileType = sourcecode.swift; path = Meal.swift; sourceTree = "<group>"; };
		783522DD264B0D35000D79AF /* MealItem.swift */ = {isa = PBXFileReference; lastKnownFileType = sourcecode.swift; path = MealItem.swift; sourceTree = "<group>"; };
		783522DF264B0E56000D79AF /* WeightEntry.swift */ = {isa = PBXFileReference; lastKnownFileType = sourcecode.swift; path = WeightEntry.swift; sourceTree = "<group>"; };
		783522E1264B1ACB000D79AF /* Day.swift */ = {isa = PBXFileReference; lastKnownFileType = sourcecode.swift; path = Day.swift; sourceTree = "<group>"; };
		783522E3264C2431000D79AF /* Router.swift */ = {isa = PBXFileReference; lastKnownFileType = sourcecode.swift; path = Router.swift; sourceTree = "<group>"; };
		783522E5264CCE2C000D79AF /* ExcerciseSet.swift */ = {isa = PBXFileReference; lastKnownFileType = sourcecode.swift; path = ExcerciseSet.swift; sourceTree = "<group>"; };
		783522E7264CD0F5000D79AF /* Setting.swift */ = {isa = PBXFileReference; lastKnownFileType = sourcecode.swift; path = Setting.swift; sourceTree = "<group>"; };
		783522E9264CD30E000D79AF /* Workout.swift */ = {isa = PBXFileReference; lastKnownFileType = sourcecode.swift; path = Workout.swift; sourceTree = "<group>"; };
		7836721F2647A4300067B917 /* LanguageViewModel.swift */ = {isa = PBXFileReference; lastKnownFileType = sourcecode.swift; path = LanguageViewModel.swift; sourceTree = "<group>"; };
		783672212647A57E0067B917 /* DaysOfTheWeekViewModel.swift */ = {isa = PBXFileReference; lastKnownFileType = sourcecode.swift; path = DaysOfTheWeekViewModel.swift; sourceTree = "<group>"; };
		783672232648CFBA0067B917 /* SettingsRepetitionUnit.swift */ = {isa = PBXFileReference; lastKnownFileType = sourcecode.swift; name = SettingsRepetitionUnit.swift; path = fitness/Models/SettingsRepetitionUnit.swift; sourceTree = SOURCE_ROOT; };
		783672252648D0D70067B917 /* SettingsWeightUnit.swift */ = {isa = PBXFileReference; lastKnownFileType = sourcecode.swift; name = SettingsWeightUnit.swift; path = fitness/Models/SettingsWeightUnit.swift; sourceTree = SOURCE_ROOT; };
		783672272648D2210067B917 /* ExerciseInfo.swift */ = {isa = PBXFileReference; lastKnownFileType = sourcecode.swift; name = ExerciseInfo.swift; path = fitness/Models/ExerciseInfo.swift; sourceTree = SOURCE_ROOT; };
		783672292648D75F0067B917 /* Exercise.swift */ = {isa = PBXFileReference; lastKnownFileType = sourcecode.swift; path = Exercise.swift; sourceTree = "<group>"; };
		7836722B2648D8270067B917 /* Equipment.swift */ = {isa = PBXFileReference; lastKnownFileType = sourcecode.swift; path = Equipment.swift; sourceTree = "<group>"; };
		7836722D2648D9210067B917 /* ExerciseCategory.swift */ = {isa = PBXFileReference; lastKnownFileType = sourcecode.swift; path = ExerciseCategory.swift; sourceTree = "<group>"; };
		7836722F2648DA1F0067B917 /* ExerciseComment.swift */ = {isa = PBXFileReference; lastKnownFileType = sourcecode.swift; path = ExerciseComment.swift; sourceTree = "<group>"; };
		783672312648DAED0067B917 /* Muscle.swift */ = {isa = PBXFileReference; lastKnownFileType = sourcecode.swift; path = Muscle.swift; sourceTree = "<group>"; };
		783B19C2265035F4008C1B45 /* App.swift */ = {isa = PBXFileReference; lastKnownFileType = sourcecode.swift; path = App.swift; sourceTree = "<group>"; };
		783B19C426503900008C1B45 /* ExerciseListView.swift */ = {isa = PBXFileReference; lastKnownFileType = sourcecode.swift; path = ExerciseListView.swift; sourceTree = "<group>"; };
		783B19C726503BCA008C1B45 /* ExerciseCategoriesViewModel.swift */ = {isa = PBXFileReference; lastKnownFileType = sourcecode.swift; path = ExerciseCategoriesViewModel.swift; sourceTree = "<group>"; };
		783B19CA26504D40008C1B45 /* ExerciseCategoryDetailView.swift */ = {isa = PBXFileReference; lastKnownFileType = sourcecode.swift; path = ExerciseCategoryDetailView.swift; sourceTree = "<group>"; };
		783B19CC26504DD3008C1B45 /* ExerciseCategoryDetailViewModel.swift */ = {isa = PBXFileReference; lastKnownFileType = sourcecode.swift; path = ExerciseCategoryDetailViewModel.swift; sourceTree = "<group>"; };
		783B19D12652047C008C1B45 /* ExerciseDetailView.swift */ = {isa = PBXFileReference; lastKnownFileType = sourcecode.swift; path = ExerciseDetailView.swift; sourceTree = "<group>"; };
		783B19D526520580008C1B45 /* ExerciseDetailViewModel.swift */ = {isa = PBXFileReference; lastKnownFileType = sourcecode.swift; path = ExerciseDetailViewModel.swift; sourceTree = "<group>"; };
		783B19D726520A37008C1B45 /* DetailRowView.swift */ = {isa = PBXFileReference; lastKnownFileType = sourcecode.swift; path = DetailRowView.swift; sourceTree = "<group>"; };
		783B19D92652C844008C1B45 /* WorkoutsView.swift */ = {isa = PBXFileReference; lastKnownFileType = sourcecode.swift; path = WorkoutsView.swift; sourceTree = "<group>"; };
		783B19DC2652CCB8008C1B45 /* WorkoutsViewModel.swift */ = {isa = PBXFileReference; lastKnownFileType = sourcecode.swift; path = WorkoutsViewModel.swift; sourceTree = "<group>"; };
		783B19DF2652CF43008C1B45 /* RowView.swift */ = {isa = PBXFileReference; lastKnownFileType = sourcecode.swift; path = RowView.swift; sourceTree = "<group>"; };
		783B19E126533005008C1B45 /* OAuthCredential.swift */ = {isa = PBXFileReference; lastKnownFileType = sourcecode.swift; path = OAuthCredential.swift; sourceTree = "<group>"; };
		783B19E32653303B008C1B45 /* OAuthAuthenticator.swift */ = {isa = PBXFileReference; lastKnownFileType = sourcecode.swift; path = OAuthAuthenticator.swift; sourceTree = "<group>"; };
		783B19E72653800D008C1B45 /* NetWorkout.swift */ = {isa = PBXFileReference; lastKnownFileType = sourcecode.swift; path = NetWorkout.swift; sourceTree = "<group>"; };
		783B19E926540D86008C1B45 /* NetWorkoutInfo.swift */ = {isa = PBXFileReference; lastKnownFileType = sourcecode.swift; path = NetWorkoutInfo.swift; sourceTree = "<group>"; };
		783B19EB26540DE6008C1B45 /* WorkoutInfo.swift */ = {isa = PBXFileReference; lastKnownFileType = sourcecode.swift; path = WorkoutInfo.swift; sourceTree = "<group>"; };
		783B19EE26541F0D008C1B45 /* WorkoutDetailView.swift */ = {isa = PBXFileReference; lastKnownFileType = sourcecode.swift; path = WorkoutDetailView.swift; sourceTree = "<group>"; };
		783B19F026541F24008C1B45 /* WorkoutDetailViewModel.swift */ = {isa = PBXFileReference; lastKnownFileType = sourcecode.swift; path = WorkoutDetailViewModel.swift; sourceTree = "<group>"; };
		783B19F22654B488008C1B45 /* CardView.swift */ = {isa = PBXFileReference; lastKnownFileType = sourcecode.swift; path = CardView.swift; sourceTree = "<group>"; };
		783B19F72654C0F2008C1B45 /* NetImage.swift */ = {isa = PBXFileReference; lastKnownFileType = sourcecode.swift; path = NetImage.swift; sourceTree = "<group>"; };
		783B19F92654D271008C1B45 /* ImageViewModel.swift */ = {isa = PBXFileReference; lastKnownFileType = sourcecode.swift; path = ImageViewModel.swift; sourceTree = "<group>"; };
		783E6F63265ED483009FE21A /* KeychainService.swift */ = {isa = PBXFileReference; lastKnownFileType = sourcecode.swift; path = KeychainService.swift; sourceTree = "<group>"; };
		783E6F66265F46E4009FE21A /* AppDeps.swift */ = {isa = PBXFileReference; lastKnownFileType = sourcecode.swift; path = AppDeps.swift; sourceTree = "<group>"; };
		783E6F69265FF565009FE21A /* ProfileView.swift */ = {isa = PBXFileReference; lastKnownFileType = sourcecode.swift; path = ProfileView.swift; sourceTree = "<group>"; };
		783E6F6B26600DC9009FE21A /* ProfileViewModel.swift */ = {isa = PBXFileReference; lastKnownFileType = sourcecode.swift; path = ProfileViewModel.swift; sourceTree = "<group>"; };
		783E6F6D26601EBF009FE21A /* NetProfile.swift */ = {isa = PBXFileReference; lastKnownFileType = sourcecode.swift; path = NetProfile.swift; sourceTree = "<group>"; };
		787012F02640EC65007D5694 /* Net.swift */ = {isa = PBXFileReference; lastKnownFileType = sourcecode.swift; name = Net.swift; path = fitness/Net/Net.swift; sourceTree = SOURCE_ROOT; };
		787012F32640EDA6007D5694 /* UserProfile.swift */ = {isa = PBXFileReference; lastKnownFileType = sourcecode.swift; path = UserProfile.swift; sourceTree = "<group>"; };
		787012F52644EEB5007D5694 /* Page.swift */ = {isa = PBXFileReference; lastKnownFileType = sourcecode.swift; path = Page.swift; sourceTree = "<group>"; };
		787012F72644EF84007D5694 /* DayOfTheWeek.swift */ = {isa = PBXFileReference; lastKnownFileType = sourcecode.swift; path = DayOfTheWeek.swift; sourceTree = "<group>"; };
		787012F92644F365007D5694 /* Language.swift */ = {isa = PBXFileReference; lastKnownFileType = sourcecode.swift; path = Language.swift; sourceTree = "<group>"; };
		787012FB26458A59007D5694 /* License.swift */ = {isa = PBXFileReference; lastKnownFileType = sourcecode.swift; path = License.swift; sourceTree = "<group>"; };
		78701305264791CF007D5694 /* LicenseViewModel.swift */ = {isa = PBXFileReference; lastKnownFileType = sourcecode.swift; path = LicenseViewModel.swift; sourceTree = "<group>"; };
		B45F4A9E263F5FF30095AE10 /* fitness.app */ = {isa = PBXFileReference; explicitFileType = wrapper.application; includeInIndex = 0; path = fitness.app; sourceTree = BUILT_PRODUCTS_DIR; };
		B45F4AA1263F5FF30095AE10 /* AppDelegate.swift */ = {isa = PBXFileReference; lastKnownFileType = sourcecode.swift; path = AppDelegate.swift; sourceTree = "<group>"; };
		B45F4AA3263F5FF30095AE10 /* SceneDelegate.swift */ = {isa = PBXFileReference; lastKnownFileType = sourcecode.swift; path = SceneDelegate.swift; sourceTree = "<group>"; };
		B45F4AA7263F5FF80095AE10 /* Assets.xcassets */ = {isa = PBXFileReference; lastKnownFileType = folder.assetcatalog; path = Assets.xcassets; sourceTree = "<group>"; };
		B45F4AAA263F5FF80095AE10 /* Preview Assets.xcassets */ = {isa = PBXFileReference; lastKnownFileType = folder.assetcatalog; path = "Preview Assets.xcassets"; sourceTree = "<group>"; };
		B45F4AAD263F5FF80095AE10 /* Base */ = {isa = PBXFileReference; lastKnownFileType = file.storyboard; name = Base; path = Base.lproj/LaunchScreen.storyboard; sourceTree = "<group>"; };
		B45F4AAF263F5FF80095AE10 /* Info.plist */ = {isa = PBXFileReference; lastKnownFileType = text.plist.xml; path = Info.plist; sourceTree = "<group>"; };
/* End PBXFileReference section */

/* Begin PBXFrameworksBuildPhase section */
		B45F4A9B263F5FF30095AE10 /* Frameworks */ = {
			isa = PBXFrameworksBuildPhase;
			buildActionMask = 2147483647;
			files = (
				B45F4AB7263F72D70095AE10 /* Alamofire in Frameworks */,
				783B19F62654C0BB008C1B45 /* AlamofireImage in Frameworks */,
			);
			runOnlyForDeploymentPostprocessing = 0;
		};
/* End PBXFrameworksBuildPhase section */

/* Begin PBXGroup section */
		7822CFF726581F6900A7A47F /* NutritionPlans */ = {
			isa = PBXGroup;
			children = (
				7822CFF826581F8100A7A47F /* NutritionPlansListView.swift */,
				7822CFFA26581F9700A7A47F /* NutrionPlansViewModel.swift */,
				7822CFFC265821EC00A7A47F /* NutritionPlanNet.swift */,
			);
			path = NutritionPlans;
			sourceTree = "<group>";
		};
		7822CFFE2658AF7000A7A47F /* BasalMetabolicRate */ = {
			isa = PBXGroup;
			children = (
				7822CFFF2658AF8B00A7A47F /* BasalMetabolicRate.swift */,
				7822D001265967E000A7A47F /* HeightView.swift */,
				7822D00326597F9000A7A47F /* WeightView.swift */,
				7822D0052659838700A7A47F /* AgeView.swift */,
			);
			path = BasalMetabolicRate;
			sourceTree = "<group>";
		};
		7822D0072659FDE200A7A47F /* Styles */ = {
			isa = PBXGroup;
			children = (
				7822D0082659FDEC00A7A47F /* Button */,
			);
			path = Styles;
			sourceTree = "<group>";
		};
		7822D0082659FDEC00A7A47F /* Button */ = {
			isa = PBXGroup;
			children = (
				7822D0092659FE3200A7A47F /* PrimaryButtonStyle.swift */,
				7822D018265DF3EA00A7A47F /* SecondaryButtonStyle.swift */,
			);
			path = Button;
			sourceTree = "<group>";
		};
		7822D00F265D778B00A7A47F /* DailyCaloricIntake */ = {
			isa = PBXGroup;
			children = (
				7822D010265D77A700A7A47F /* ActivityFactor */,
				7822CFFE2658AF7000A7A47F /* BasalMetabolicRate */,
				7822D011265D77C800A7A47F /* DailyCaloricIntakeView.swift */,
				7822D013265DF03100A7A47F /* DailyCaloricIntakeLabelView.swift */,
			);
			path = DailyCaloricIntake;
			sourceTree = "<group>";
		};
		7822D010265D77A700A7A47F /* ActivityFactor */ = {
			isa = PBXGroup;
			children = (
				7822D00B265B4D2000A7A47F /* ActivityFactorView.swift */,
				7822D00D265B4F9D00A7A47F /* ActivityFactorItemView.swift */,
			);
			path = ActivityFactor;
			sourceTree = "<group>";
		};
		7822D015265DF33E00A7A47F /* Login */ = {
			isa = PBXGroup;
			children = (
				7822D016265DF35200A7A47F /* LoginView.swift */,
				7822D01C265DFDEB00A7A47F /* LoginViewModel.swift */,
				7822D01E265E9D5D00A7A47F /* NetLogin.swift */,
			);
			path = Login;
			sourceTree = "<group>";
		};
		783B19C626503BB0008C1B45 /* ExerciseList */ = {
			isa = PBXGroup;
			children = (
				783B19C426503900008C1B45 /* ExerciseListView.swift */,
				783B19C726503BCA008C1B45 /* ExerciseCategoriesViewModel.swift */,
				7822CFF526575D6700A7A47F /* ExerciseListFilteredView.swift */,
			);
			path = ExerciseList;
			sourceTree = "<group>";
		};
		783B19C926504D12008C1B45 /* ExerciseCategoryDetail */ = {
			isa = PBXGroup;
			children = (
				783B19CA26504D40008C1B45 /* ExerciseCategoryDetailView.swift */,
				783B19CC26504DD3008C1B45 /* ExerciseCategoryDetailViewModel.swift */,
			);
			path = ExerciseCategoryDetail;
			sourceTree = "<group>";
		};
		783B19D02652044C008C1B45 /* ExerciseDetail */ = {
			isa = PBXGroup;
			children = (
				783B19D12652047C008C1B45 /* ExerciseDetailView.swift */,
				783B19D526520580008C1B45 /* ExerciseDetailViewModel.swift */,
			);
			path = ExerciseDetail;
			sourceTree = "<group>";
		};
		783B19DB2652C849008C1B45 /* Workouts */ = {
			isa = PBXGroup;
			children = (
				783B19D92652C844008C1B45 /* WorkoutsView.swift */,
				783B19DC2652CCB8008C1B45 /* WorkoutsViewModel.swift */,
			);
			path = Workouts;
			sourceTree = "<group>";
		};
		783B19DE2652CF2F008C1B45 /* Components */ = {
			isa = PBXGroup;
			children = (
				783B19D726520A37008C1B45 /* DetailRowView.swift */,
				783B19DF2652CF43008C1B45 /* RowView.swift */,
				783B19F22654B488008C1B45 /* CardView.swift */,
				7822CFF0265602FE00A7A47F /* ImageURLView.swift */,
			);
			path = Components;
			sourceTree = "<group>";
		};
		783B19ED26541EF4008C1B45 /* WorkoutDetail */ = {
			isa = PBXGroup;
			children = (
				783B19EE26541F0D008C1B45 /* WorkoutDetailView.swift */,
				783B19F026541F24008C1B45 /* WorkoutDetailViewModel.swift */,
			);
			path = WorkoutDetail;
			sourceTree = "<group>";
		};
		783E6F62265ED476009FE21A /* KeychainService */ = {
			isa = PBXGroup;
			children = (
				783E6F63265ED483009FE21A /* KeychainService.swift */,
			);
			path = KeychainService;
			sourceTree = "<group>";
		};
		783E6F65265F46D7009FE21A /* App */ = {
			isa = PBXGroup;
			children = (
				783B19C2265035F4008C1B45 /* App.swift */,
				B45F4AA1263F5FF30095AE10 /* AppDelegate.swift */,
				783E6F66265F46E4009FE21A /* AppDeps.swift */,
				B45F4AA3263F5FF30095AE10 /* SceneDelegate.swift */,
			);
			path = App;
			sourceTree = "<group>";
		};
		783E6F68265FF4FE009FE21A /* Profile */ = {
			isa = PBXGroup;
			children = (
				783E6F69265FF565009FE21A /* ProfileView.swift */,
				783E6F6B26600DC9009FE21A /* ProfileViewModel.swift */,
				783E6F6D26601EBF009FE21A /* NetProfile.swift */,
			);
			path = Profile;
			sourceTree = "<group>";
		};
		787012F22640ED96007D5694 /* Models */ = {
			isa = PBXGroup;
			children = (
				783522E1264B1ACB000D79AF /* Day.swift */,
				787012F72644EF84007D5694 /* DayOfTheWeek.swift */,
				7836722B2648D8270067B917 /* Equipment.swift */,
				783672292648D75F0067B917 /* Exercise.swift */,
				7836722D2648D9210067B917 /* ExerciseCategory.swift */,
				7836722F2648DA1F0067B917 /* ExerciseComment.swift */,
				783672272648D2210067B917 /* ExerciseInfo.swift */,
				783522CD264AF4C8000D79AF /* Ingredient.swift */,
				783522CF264AF779000D79AF /* IngredientInfo.swift */,
				783522D3264AF9A0000D79AF /* IngredientWeightUnit.swift */,
				787012F92644F365007D5694 /* Language.swift */,
				787012FB26458A59007D5694 /* License.swift */,
				783522DB264B0BC3000D79AF /* Meal.swift */,
				783522DD264B0D35000D79AF /* MealItem.swift */,
				783672312648DAED0067B917 /* Muscle.swift */,
				783522D9264B0AAE000D79AF /* NutritionDiary.swift */,
				783522D5264AFA67000D79AF /* NutritionPlan.swift */,
				783522D7264B08BE000D79AF /* NutritionPlanInfo.swift */,
				787012F52644EEB5007D5694 /* Page.swift */,
				783522E5264CCE2C000D79AF /* ExcerciseSet.swift */,
				783522E7264CD0F5000D79AF /* Setting.swift */,
				783672232648CFBA0067B917 /* SettingsRepetitionUnit.swift */,
				783672252648D0D70067B917 /* SettingsWeightUnit.swift */,
				787012F32640EDA6007D5694 /* UserProfile.swift */,
				783522DF264B0E56000D79AF /* WeightEntry.swift */,
				783522D1264AF8C3000D79AF /* WeightUnit.swift */,
				783522E9264CD30E000D79AF /* Workout.swift */,
				783B19EB26540DE6008C1B45 /* WorkoutInfo.swift */,
				7822D020265E9EF600A7A47F /* BasicAuthenticationCredential.swift */,
			);
			path = Models;
			sourceTree = "<group>";
		};
		78701304264791BE007D5694 /* ViewModels */ = {
			isa = PBXGroup;
			children = (
				78701305264791CF007D5694 /* LicenseViewModel.swift */,
				7836721F2647A4300067B917 /* LanguageViewModel.swift */,
				783672212647A57E0067B917 /* DaysOfTheWeekViewModel.swift */,
				783B19F92654D271008C1B45 /* ImageViewModel.swift */,
			);
			path = ViewModels;
			sourceTree = "<group>";
		};
		B45F4A95263F5FF30095AE10 = {
			isa = PBXGroup;
			children = (
				B45F4AA0263F5FF30095AE10 /* fitness */,
				B45F4A9F263F5FF30095AE10 /* Products */,
			);
			sourceTree = "<group>";
		};
		B45F4A9F263F5FF30095AE10 /* Products */ = {
			isa = PBXGroup;
			children = (
				B45F4A9E263F5FF30095AE10 /* fitness.app */,
			);
			name = Products;
			sourceTree = "<group>";
		};
		B45F4AA0263F5FF30095AE10 /* fitness */ = {
			isa = PBXGroup;
			children = (
				783E6F65265F46D7009FE21A /* App */,
				B45F4AA7263F5FF80095AE10 /* Assets.xcassets */,
				783B19DE2652CF2F008C1B45 /* Components */,
				7822D00F265D778B00A7A47F /* DailyCaloricIntake */,
				783B19C926504D12008C1B45 /* ExerciseCategoryDetail */,
				783B19D02652044C008C1B45 /* ExerciseDetail */,
				783B19C626503BB0008C1B45 /* ExerciseList */,
				B45F4AAF263F5FF80095AE10 /* Info.plist */,
				783E6F62265ED476009FE21A /* KeychainService */,
				B45F4AAC263F5FF80095AE10 /* LaunchScreen.storyboard */,
				7822D015265DF33E00A7A47F /* Login */,
				787012F22640ED96007D5694 /* Models */,
				B45F4AB8264059B10095AE10 /* Net */,
				7822CFF726581F6900A7A47F /* NutritionPlans */,
				B45F4AA9263F5FF80095AE10 /* Preview Content */,
				783E6F68265FF4FE009FE21A /* Profile */,
				7822D0072659FDE200A7A47F /* Styles */,
				78701304264791BE007D5694 /* ViewModels */,
				783B19ED26541EF4008C1B45 /* WorkoutDetail */,
				783B19DB2652C849008C1B45 /* Workouts */,
			);
			path = fitness;
			sourceTree = "<group>";
		};
		B45F4AA9263F5FF80095AE10 /* Preview Content */ = {
			isa = PBXGroup;
			children = (
				B45F4AAA263F5FF80095AE10 /* Preview Assets.xcassets */,
			);
			path = "Preview Content";
			sourceTree = "<group>";
		};
		B45F4AB8264059B10095AE10 /* Net */ = {
			isa = PBXGroup;
			children = (
				787012F02640EC65007D5694 /* Net.swift */,
				783522E3264C2431000D79AF /* Router.swift */,
				783B19E126533005008C1B45 /* OAuthCredential.swift */,
				783B19E32653303B008C1B45 /* OAuthAuthenticator.swift */,
				783B19E72653800D008C1B45 /* NetWorkout.swift */,
				783B19E926540D86008C1B45 /* NetWorkoutInfo.swift */,
				783B19F72654C0F2008C1B45 /* NetImage.swift */,
			);
			path = Net;
			sourceTree = "<group>";
		};
/* End PBXGroup section */

/* Begin PBXNativeTarget section */
		B45F4A9D263F5FF30095AE10 /* fitness */ = {
			isa = PBXNativeTarget;
			buildConfigurationList = B45F4AB2263F5FF80095AE10 /* Build configuration list for PBXNativeTarget "fitness" */;
			buildPhases = (
				7870130026458DDD007D5694 /* SwiftLint */,
				B45F4A9A263F5FF30095AE10 /* Sources */,
				B45F4A9B263F5FF30095AE10 /* Frameworks */,
				B45F4A9C263F5FF30095AE10 /* Resources */,
			);
			buildRules = (
			);
			dependencies = (
			);
			name = fitness;
			packageProductDependencies = (
				B45F4AB6263F72D70095AE10 /* Alamofire */,
				783B19F52654C0BB008C1B45 /* AlamofireImage */,
			);
			productName = fitness;
			productReference = B45F4A9E263F5FF30095AE10 /* fitness.app */;
			productType = "com.apple.product-type.application";
		};
/* End PBXNativeTarget section */

/* Begin PBXProject section */
		B45F4A96263F5FF30095AE10 /* Project object */ = {
			isa = PBXProject;
			attributes = {
				LastSwiftUpdateCheck = 1120;
				LastUpgradeCheck = 1250;
				ORGANIZATIONNAME = Ortiz;
				TargetAttributes = {
					B45F4A9D263F5FF30095AE10 = {
						CreatedOnToolsVersion = 11.2.1;
					};
				};
			};
			buildConfigurationList = B45F4A99263F5FF30095AE10 /* Build configuration list for PBXProject "fitness" */;
			compatibilityVersion = "Xcode 9.3";
			developmentRegion = en;
			hasScannedForEncodings = 0;
			knownRegions = (
				en,
				Base,
			);
			mainGroup = B45F4A95263F5FF30095AE10;
			packageReferences = (
				B45F4AB5263F72D70095AE10 /* XCRemoteSwiftPackageReference "Alamofire" */,
				783B19F42654C0BB008C1B45 /* XCRemoteSwiftPackageReference "AlamofireImage" */,
			);
			productRefGroup = B45F4A9F263F5FF30095AE10 /* Products */;
			projectDirPath = "";
			projectRoot = "";
			targets = (
				B45F4A9D263F5FF30095AE10 /* fitness */,
			);
		};
/* End PBXProject section */

/* Begin PBXResourcesBuildPhase section */
		B45F4A9C263F5FF30095AE10 /* Resources */ = {
			isa = PBXResourcesBuildPhase;
			buildActionMask = 2147483647;
			files = (
				B45F4AAE263F5FF80095AE10 /* LaunchScreen.storyboard in Resources */,
				B45F4AAB263F5FF80095AE10 /* Preview Assets.xcassets in Resources */,
				B45F4AA8263F5FF80095AE10 /* Assets.xcassets in Resources */,
			);
			runOnlyForDeploymentPostprocessing = 0;
		};
/* End PBXResourcesBuildPhase section */

/* Begin PBXShellScriptBuildPhase section */
		7870130026458DDD007D5694 /* SwiftLint */ = {
			isa = PBXShellScriptBuildPhase;
			buildActionMask = 2147483647;
			files = (
			);
			inputFileListPaths = (
			);
			inputPaths = (
			);
			name = SwiftLint;
			outputFileListPaths = (
			);
			outputPaths = (
			);
			runOnlyForDeploymentPostprocessing = 0;
			shellPath = /bin/sh;
			shellScript = "if which swiftlint >/dev/null; then\n  swiftlint --fix && swiftlint --config .swiftlint.yml\nelse\n  echo \"warning: SwiftLint not installed, download from https://github.com/realm/SwiftLint\"\nfi\n";
		};
/* End PBXShellScriptBuildPhase section */

/* Begin PBXSourcesBuildPhase section */
		B45F4A9A263F5FF30095AE10 /* Sources */ = {
			isa = PBXSourcesBuildPhase;
			buildActionMask = 2147483647;
			files = (
				783672242648CFBA0067B917 /* SettingsRepetitionUnit.swift in Sources */,
				783B19D22652047C008C1B45 /* ExerciseDetailView.swift in Sources */,
				7836722A2648D75F0067B917 /* Exercise.swift in Sources */,
				783522CE264AF4C8000D79AF /* Ingredient.swift in Sources */,
				B45F4AA2263F5FF30095AE10 /* AppDelegate.swift in Sources */,
				7822D01F265E9D5D00A7A47F /* NetLogin.swift in Sources */,
				783B19D626520580008C1B45 /* ExerciseDetailViewModel.swift in Sources */,
				783672262648D0D70067B917 /* SettingsWeightUnit.swift in Sources */,
				7822D014265DF03100A7A47F /* DailyCaloricIntakeLabelView.swift in Sources */,
				7822D017265DF35200A7A47F /* LoginView.swift in Sources */,
				7822CFFB26581F9700A7A47F /* NutrionPlansViewModel.swift in Sources */,
				7822CFF626575D6700A7A47F /* ExerciseListFilteredView.swift in Sources */,
				B45F4AA4263F5FF30095AE10 /* SceneDelegate.swift in Sources */,
				783672222647A57E0067B917 /* DaysOfTheWeekViewModel.swift in Sources */,
				783522D2264AF8C3000D79AF /* WeightUnit.swift in Sources */,
				783522E4264C2431000D79AF /* Router.swift in Sources */,
				783B19C3265035F4008C1B45 /* App.swift in Sources */,
				783B19DD2652CCB8008C1B45 /* WorkoutsViewModel.swift in Sources */,
				783672282648D2210067B917 /* ExerciseInfo.swift in Sources */,
				7822D0062659838700A7A47F /* AgeView.swift in Sources */,
				78701306264791CF007D5694 /* LicenseViewModel.swift in Sources */,
				783E6F67265F46E4009FE21A /* AppDeps.swift in Sources */,
				7822D021265E9EF600A7A47F /* BasicAuthenticationCredential.swift in Sources */,
				783672322648DAED0067B917 /* Muscle.swift in Sources */,
				7822D019265DF3EA00A7A47F /* SecondaryButtonStyle.swift in Sources */,
				783522DE264B0D35000D79AF /* MealItem.swift in Sources */,
				7822D01D265DFDEB00A7A47F /* LoginViewModel.swift in Sources */,
				783672202647A4300067B917 /* LanguageViewModel.swift in Sources */,
				783522E2264B1ACB000D79AF /* Day.swift in Sources */,
				783B19EF26541F0D008C1B45 /* WorkoutDetailView.swift in Sources */,
				783672302648DA1F0067B917 /* ExerciseComment.swift in Sources */,
				783522D0264AF779000D79AF /* IngredientInfo.swift in Sources */,
				783B19D826520A37008C1B45 /* DetailRowView.swift in Sources */,
				783B19F82654C0F2008C1B45 /* NetImage.swift in Sources */,
				787012F62644EEB5007D5694 /* Page.swift in Sources */,
				783B19C526503900008C1B45 /* ExerciseListView.swift in Sources */,
				783E6F6C26600DC9009FE21A /* ProfileViewModel.swift in Sources */,
				7822D00426597F9000A7A47F /* WeightView.swift in Sources */,
				783B19E226533005008C1B45 /* OAuthCredential.swift in Sources */,
				7822D0002658AF8B00A7A47F /* BasalMetabolicRate.swift in Sources */,
				783B19C826503BCA008C1B45 /* ExerciseCategoriesViewModel.swift in Sources */,
				783522DA264B0AAE000D79AF /* NutritionDiary.swift in Sources */,
				7822D012265D77C800A7A47F /* DailyCaloricIntakeView.swift in Sources */,
				7822CFFD265821EC00A7A47F /* NutritionPlanNet.swift in Sources */,
				783B19EC26540DE6008C1B45 /* WorkoutInfo.swift in Sources */,
				783522DC264B0BC3000D79AF /* Meal.swift in Sources */,
				783E6F6E26601EBF009FE21A /* NetProfile.swift in Sources */,
				7822CFF926581F8100A7A47F /* NutritionPlansListView.swift in Sources */,
				783B19FA2654D271008C1B45 /* ImageViewModel.swift in Sources */,
				783B19EA26540D86008C1B45 /* NetWorkoutInfo.swift in Sources */,
				783522E6264CCE2C000D79AF /* ExcerciseSet.swift in Sources */,
				787012F82644EF84007D5694 /* DayOfTheWeek.swift in Sources */,
				783B19F126541F24008C1B45 /* WorkoutDetailViewModel.swift in Sources */,
				787012F42640EDA6007D5694 /* UserProfile.swift in Sources */,
				7822D002265967E000A7A47F /* HeightView.swift in Sources */,
				7822D00E265B4F9D00A7A47F /* ActivityFactorItemView.swift in Sources */,
				783E6F64265ED483009FE21A /* KeychainService.swift in Sources */,
				783522EA264CD30E000D79AF /* Workout.swift in Sources */,
				7822D00A2659FE3200A7A47F /* PrimaryButtonStyle.swift in Sources */,
				783B19E02652CF43008C1B45 /* RowView.swift in Sources */,
				783522D8264B08BE000D79AF /* NutritionPlanInfo.swift in Sources */,
				787012FA2644F365007D5694 /* Language.swift in Sources */,
				783B19CD26504DD3008C1B45 /* ExerciseCategoryDetailViewModel.swift in Sources */,
				783B19DA2652C844008C1B45 /* WorkoutsView.swift in Sources */,
				783522E0264B0E56000D79AF /* WeightEntry.swift in Sources */,
				7836722E2648D9210067B917 /* ExerciseCategory.swift in Sources */,
				783522D6264AFA67000D79AF /* NutritionPlan.swift in Sources */,
				7822CFF1265602FE00A7A47F /* ImageURLView.swift in Sources */,
				787012F12640EC65007D5694 /* Net.swift in Sources */,
				787012FC26458A5A007D5694 /* License.swift in Sources */,
				783B19E82653800D008C1B45 /* NetWorkout.swift in Sources */,
				783B19F32654B488008C1B45 /* CardView.swift in Sources */,
				783B19E42653303B008C1B45 /* OAuthAuthenticator.swift in Sources */,
				783B19CB26504D40008C1B45 /* ExerciseCategoryDetailView.swift in Sources */,
				783522D4264AF9A0000D79AF /* IngredientWeightUnit.swift in Sources */,
				783522E8264CD0F5000D79AF /* Setting.swift in Sources */,
				7822D00C265B4D2000A7A47F /* ActivityFactorView.swift in Sources */,
				783E6F6A265FF565009FE21A /* ProfileView.swift in Sources */,
				7836722C2648D8270067B917 /* Equipment.swift in Sources */,
			);
			runOnlyForDeploymentPostprocessing = 0;
		};
/* End PBXSourcesBuildPhase section */

/* Begin PBXVariantGroup section */
		B45F4AAC263F5FF80095AE10 /* LaunchScreen.storyboard */ = {
			isa = PBXVariantGroup;
			children = (
				B45F4AAD263F5FF80095AE10 /* Base */,
			);
			name = LaunchScreen.storyboard;
			sourceTree = "<group>";
		};
/* End PBXVariantGroup section */

/* Begin XCBuildConfiguration section */
		B45F4AB0263F5FF80095AE10 /* Debug */ = {
			isa = XCBuildConfiguration;
			buildSettings = {
				ALWAYS_SEARCH_USER_PATHS = NO;
				CLANG_ANALYZER_NONNULL = YES;
				CLANG_ANALYZER_NUMBER_OBJECT_CONVERSION = YES_AGGRESSIVE;
				CLANG_CXX_LANGUAGE_STANDARD = "gnu++14";
				CLANG_CXX_LIBRARY = "libc++";
				CLANG_ENABLE_MODULES = YES;
				CLANG_ENABLE_OBJC_ARC = YES;
				CLANG_ENABLE_OBJC_WEAK = YES;
				CLANG_WARN_BLOCK_CAPTURE_AUTORELEASING = YES;
				CLANG_WARN_BOOL_CONVERSION = YES;
				CLANG_WARN_COMMA = YES;
				CLANG_WARN_CONSTANT_CONVERSION = YES;
				CLANG_WARN_DEPRECATED_OBJC_IMPLEMENTATIONS = YES;
				CLANG_WARN_DIRECT_OBJC_ISA_USAGE = YES_ERROR;
				CLANG_WARN_DOCUMENTATION_COMMENTS = YES;
				CLANG_WARN_EMPTY_BODY = YES;
				CLANG_WARN_ENUM_CONVERSION = YES;
				CLANG_WARN_INFINITE_RECURSION = YES;
				CLANG_WARN_INT_CONVERSION = YES;
				CLANG_WARN_NON_LITERAL_NULL_CONVERSION = YES;
				CLANG_WARN_OBJC_IMPLICIT_RETAIN_SELF = YES;
				CLANG_WARN_OBJC_LITERAL_CONVERSION = YES;
				CLANG_WARN_OBJC_ROOT_CLASS = YES_ERROR;
				CLANG_WARN_QUOTED_INCLUDE_IN_FRAMEWORK_HEADER = YES;
				CLANG_WARN_RANGE_LOOP_ANALYSIS = YES;
				CLANG_WARN_STRICT_PROTOTYPES = YES;
				CLANG_WARN_SUSPICIOUS_MOVE = YES;
				CLANG_WARN_UNGUARDED_AVAILABILITY = YES_AGGRESSIVE;
				CLANG_WARN_UNREACHABLE_CODE = YES;
				CLANG_WARN__DUPLICATE_METHOD_MATCH = YES;
				COPY_PHASE_STRIP = NO;
				DEBUG_INFORMATION_FORMAT = dwarf;
				ENABLE_STRICT_OBJC_MSGSEND = YES;
				ENABLE_TESTABILITY = YES;
				GCC_C_LANGUAGE_STANDARD = gnu11;
				GCC_DYNAMIC_NO_PIC = NO;
				GCC_NO_COMMON_BLOCKS = YES;
				GCC_OPTIMIZATION_LEVEL = 0;
				GCC_PREPROCESSOR_DEFINITIONS = (
					"DEBUG=1",
					"$(inherited)",
				);
				GCC_WARN_64_TO_32_BIT_CONVERSION = YES;
				GCC_WARN_ABOUT_RETURN_TYPE = YES_ERROR;
				GCC_WARN_UNDECLARED_SELECTOR = YES;
				GCC_WARN_UNINITIALIZED_AUTOS = YES_AGGRESSIVE;
				GCC_WARN_UNUSED_FUNCTION = YES;
				GCC_WARN_UNUSED_VARIABLE = YES;
				IPHONEOS_DEPLOYMENT_TARGET = 14.1;
				MTL_ENABLE_DEBUG_INFO = INCLUDE_SOURCE;
				MTL_FAST_MATH = YES;
				ONLY_ACTIVE_ARCH = YES;
				SDKROOT = iphoneos;
				SWIFT_ACTIVE_COMPILATION_CONDITIONS = DEBUG;
				SWIFT_OPTIMIZATION_LEVEL = "-Onone";
				SWIFT_VERSION = 5.0;
			};
			name = Debug;
		};
		B45F4AB1263F5FF80095AE10 /* Release */ = {
			isa = XCBuildConfiguration;
			buildSettings = {
				ALWAYS_SEARCH_USER_PATHS = NO;
				CLANG_ANALYZER_NONNULL = YES;
				CLANG_ANALYZER_NUMBER_OBJECT_CONVERSION = YES_AGGRESSIVE;
				CLANG_CXX_LANGUAGE_STANDARD = "gnu++14";
				CLANG_CXX_LIBRARY = "libc++";
				CLANG_ENABLE_MODULES = YES;
				CLANG_ENABLE_OBJC_ARC = YES;
				CLANG_ENABLE_OBJC_WEAK = YES;
				CLANG_WARN_BLOCK_CAPTURE_AUTORELEASING = YES;
				CLANG_WARN_BOOL_CONVERSION = YES;
				CLANG_WARN_COMMA = YES;
				CLANG_WARN_CONSTANT_CONVERSION = YES;
				CLANG_WARN_DEPRECATED_OBJC_IMPLEMENTATIONS = YES;
				CLANG_WARN_DIRECT_OBJC_ISA_USAGE = YES_ERROR;
				CLANG_WARN_DOCUMENTATION_COMMENTS = YES;
				CLANG_WARN_EMPTY_BODY = YES;
				CLANG_WARN_ENUM_CONVERSION = YES;
				CLANG_WARN_INFINITE_RECURSION = YES;
				CLANG_WARN_INT_CONVERSION = YES;
				CLANG_WARN_NON_LITERAL_NULL_CONVERSION = YES;
				CLANG_WARN_OBJC_IMPLICIT_RETAIN_SELF = YES;
				CLANG_WARN_OBJC_LITERAL_CONVERSION = YES;
				CLANG_WARN_OBJC_ROOT_CLASS = YES_ERROR;
				CLANG_WARN_QUOTED_INCLUDE_IN_FRAMEWORK_HEADER = YES;
				CLANG_WARN_RANGE_LOOP_ANALYSIS = YES;
				CLANG_WARN_STRICT_PROTOTYPES = YES;
				CLANG_WARN_SUSPICIOUS_MOVE = YES;
				CLANG_WARN_UNGUARDED_AVAILABILITY = YES_AGGRESSIVE;
				CLANG_WARN_UNREACHABLE_CODE = YES;
				CLANG_WARN__DUPLICATE_METHOD_MATCH = YES;
				COPY_PHASE_STRIP = NO;
				DEBUG_INFORMATION_FORMAT = "dwarf-with-dsym";
				ENABLE_NS_ASSERTIONS = NO;
				ENABLE_STRICT_OBJC_MSGSEND = YES;
				GCC_C_LANGUAGE_STANDARD = gnu11;
				GCC_NO_COMMON_BLOCKS = YES;
				GCC_WARN_64_TO_32_BIT_CONVERSION = YES;
				GCC_WARN_ABOUT_RETURN_TYPE = YES_ERROR;
				GCC_WARN_UNDECLARED_SELECTOR = YES;
				GCC_WARN_UNINITIALIZED_AUTOS = YES_AGGRESSIVE;
				GCC_WARN_UNUSED_FUNCTION = YES;
				GCC_WARN_UNUSED_VARIABLE = YES;
				IPHONEOS_DEPLOYMENT_TARGET = 14.1;
				MTL_ENABLE_DEBUG_INFO = NO;
				MTL_FAST_MATH = YES;
				SDKROOT = iphoneos;
				SWIFT_COMPILATION_MODE = wholemodule;
				SWIFT_OPTIMIZATION_LEVEL = "-O";
				SWIFT_VERSION = 5.0;
				VALIDATE_PRODUCT = YES;
			};
			name = Release;
		};
		B45F4AB3263F5FF80095AE10 /* Debug */ = {
			isa = XCBuildConfiguration;
			buildSettings = {
				ASSETCATALOG_COMPILER_APPICON_NAME = AppIcon;
				CODE_SIGN_STYLE = Automatic;
				DEVELOPMENT_ASSET_PATHS = "\"fitness/Preview Content\"";
				DEVELOPMENT_TEAM = ZC9AE4U376;
				ENABLE_PREVIEWS = YES;
				INFOPLIST_FILE = fitness/Info.plist;
				LD_RUNPATH_SEARCH_PATHS = (
					"$(inherited)",
					"@executable_path/Frameworks",
				);
				PRODUCT_BUNDLE_IDENTIFIER = com.ortiz.b.t.fitness;
				PRODUCT_NAME = "$(TARGET_NAME)";
				SWIFT_VERSION = 5.0;
				TARGETED_DEVICE_FAMILY = 1;
			};
			name = Debug;
		};
		B45F4AB4263F5FF80095AE10 /* Release */ = {
			isa = XCBuildConfiguration;
			buildSettings = {
				ASSETCATALOG_COMPILER_APPICON_NAME = AppIcon;
				CODE_SIGN_STYLE = Automatic;
				DEVELOPMENT_ASSET_PATHS = "\"fitness/Preview Content\"";
				DEVELOPMENT_TEAM = ZC9AE4U376;
				ENABLE_PREVIEWS = YES;
				INFOPLIST_FILE = fitness/Info.plist;
				LD_RUNPATH_SEARCH_PATHS = (
					"$(inherited)",
					"@executable_path/Frameworks",
				);
				PRODUCT_BUNDLE_IDENTIFIER = com.ortiz.b.t.fitness;
				PRODUCT_NAME = "$(TARGET_NAME)";
				SWIFT_VERSION = 5.0;
				TARGETED_DEVICE_FAMILY = 1;
			};
			name = Release;
		};
/* End XCBuildConfiguration section */

/* Begin XCConfigurationList section */
		B45F4A99263F5FF30095AE10 /* Build configuration list for PBXProject "fitness" */ = {
			isa = XCConfigurationList;
			buildConfigurations = (
				B45F4AB0263F5FF80095AE10 /* Debug */,
				B45F4AB1263F5FF80095AE10 /* Release */,
			);
			defaultConfigurationIsVisible = 0;
			defaultConfigurationName = Release;
		};
		B45F4AB2263F5FF80095AE10 /* Build configuration list for PBXNativeTarget "fitness" */ = {
			isa = XCConfigurationList;
			buildConfigurations = (
				B45F4AB3263F5FF80095AE10 /* Debug */,
				B45F4AB4263F5FF80095AE10 /* Release */,
			);
			defaultConfigurationIsVisible = 0;
			defaultConfigurationName = Release;
		};
/* End XCConfigurationList section */

/* Begin XCRemoteSwiftPackageReference section */
		783B19F42654C0BB008C1B45 /* XCRemoteSwiftPackageReference "AlamofireImage" */ = {
			isa = XCRemoteSwiftPackageReference;
			repositoryURL = "https://github.com/Alamofire/AlamofireImage.git";
			requirement = {
				kind = upToNextMajorVersion;
				minimumVersion = 4.2.0;
			};
		};
		B45F4AB5263F72D70095AE10 /* XCRemoteSwiftPackageReference "Alamofire" */ = {
			isa = XCRemoteSwiftPackageReference;
			repositoryURL = "https://github.com/Alamofire/Alamofire.git";
			requirement = {
				kind = upToNextMajorVersion;
				minimumVersion = 5.4.3;
			};
		};
/* End XCRemoteSwiftPackageReference section */

/* Begin XCSwiftPackageProductDependency section */
		783B19F52654C0BB008C1B45 /* AlamofireImage */ = {
			isa = XCSwiftPackageProductDependency;
			package = 783B19F42654C0BB008C1B45 /* XCRemoteSwiftPackageReference "AlamofireImage" */;
			productName = AlamofireImage;
		};
		B45F4AB6263F72D70095AE10 /* Alamofire */ = {
			isa = XCSwiftPackageProductDependency;
			package = B45F4AB5263F72D70095AE10 /* XCRemoteSwiftPackageReference "Alamofire" */;
			productName = Alamofire;
		};
/* End XCSwiftPackageProductDependency section */
	};
	rootObject = B45F4A96263F5FF30095AE10 /* Project object */;
}
